// !$*UTF8*$!
{
	archiveVersion = 1;
	classes = {
	};
	objectVersion = 50;
	objects = {

/* Begin PBXBuildFile section */
		772015E8214161C90030C50B /* MovieTableViewCell.swift in Sources */ = {isa = PBXBuildFile; fileRef = 772015E6214161C90030C50B /* MovieTableViewCell.swift */; };
		772015E9214161C90030C50B /* MovieTableViewCell.xib in Resources */ = {isa = PBXBuildFile; fileRef = 772015E7214161C90030C50B /* MovieTableViewCell.xib */; };
		77FF4AC2213E94B000480E7B /* AppDelegate.swift in Sources */ = {isa = PBXBuildFile; fileRef = 77FF4AC1213E94B000480E7B /* AppDelegate.swift */; };
		77FF4AC7213E94B000480E7B /* Main.storyboard in Resources */ = {isa = PBXBuildFile; fileRef = 77FF4AC5213E94B000480E7B /* Main.storyboard */; };
		77FF4AC9213E94B300480E7B /* Assets.xcassets in Resources */ = {isa = PBXBuildFile; fileRef = 77FF4AC8213E94B300480E7B /* Assets.xcassets */; };
		77FF4ACC213E94B300480E7B /* LaunchScreen.storyboard in Resources */ = {isa = PBXBuildFile; fileRef = 77FF4ACA213E94B300480E7B /* LaunchScreen.storyboard */; };
		77FF4AD4213E960200480E7B /* SplashScreenViewController.swift in Sources */ = {isa = PBXBuildFile; fileRef = 77FF4AD3213E960200480E7B /* SplashScreenViewController.swift */; };
		77FF4AD6213E965500480E7B /* MovieDetailsViewController.swift in Sources */ = {isa = PBXBuildFile; fileRef = 77FF4AD5213E965500480E7B /* MovieDetailsViewController.swift */; };
		77FF4AE2213FECEB00480E7B /* ListOfMoviesTableViewController.swift in Sources */ = {isa = PBXBuildFile; fileRef = 77FF4AE1213FECEB00480E7B /* ListOfMoviesTableViewController.swift */; };
		77FF4AE6213FFC0600480E7B /* ParseMovieDetails.swift in Sources */ = {isa = PBXBuildFile; fileRef = 77FF4AE5213FFC0600480E7B /* ParseMovieDetails.swift */; };
/* End PBXBuildFile section */

/* Begin PBXFileReference section */
		772015E6214161C90030C50B /* MovieTableViewCell.swift */ = {isa = PBXFileReference; lastKnownFileType = sourcecode.swift; path = MovieTableViewCell.swift; sourceTree = "<group>"; };
		772015E7214161C90030C50B /* MovieTableViewCell.xib */ = {isa = PBXFileReference; lastKnownFileType = file.xib; path = MovieTableViewCell.xib; sourceTree = "<group>"; };
		77FF4ABE213E94B000480E7B /* StarWarsApi.app */ = {isa = PBXFileReference; explicitFileType = wrapper.application; includeInIndex = 0; path = StarWarsApi.app; sourceTree = BUILT_PRODUCTS_DIR; };
		77FF4AC1213E94B000480E7B /* AppDelegate.swift */ = {isa = PBXFileReference; lastKnownFileType = sourcecode.swift; path = AppDelegate.swift; sourceTree = "<group>"; };
		77FF4AC6213E94B000480E7B /* Base */ = {isa = PBXFileReference; lastKnownFileType = file.storyboard; name = Base; path = Base.lproj/Main.storyboard; sourceTree = "<group>"; };
		77FF4AC8213E94B300480E7B /* Assets.xcassets */ = {isa = PBXFileReference; lastKnownFileType = folder.assetcatalog; path = Assets.xcassets; sourceTree = "<group>"; };
		77FF4ACB213E94B300480E7B /* Base */ = {isa = PBXFileReference; lastKnownFileType = file.storyboard; name = Base; path = Base.lproj/LaunchScreen.storyboard; sourceTree = "<group>"; };
		77FF4ACD213E94B300480E7B /* Info.plist */ = {isa = PBXFileReference; lastKnownFileType = text.plist.xml; path = Info.plist; sourceTree = "<group>"; };
		77FF4AD3213E960200480E7B /* SplashScreenViewController.swift */ = {isa = PBXFileReference; lastKnownFileType = sourcecode.swift; path = SplashScreenViewController.swift; sourceTree = "<group>"; };
		77FF4AD5213E965500480E7B /* MovieDetailsViewController.swift */ = {isa = PBXFileReference; lastKnownFileType = sourcecode.swift; path = MovieDetailsViewController.swift; sourceTree = "<group>"; };
		77FF4AE1213FECEB00480E7B /* ListOfMoviesTableViewController.swift */ = {isa = PBXFileReference; lastKnownFileType = sourcecode.swift; path = ListOfMoviesTableViewController.swift; sourceTree = "<group>"; };
		77FF4AE5213FFC0600480E7B /* ParseMovieDetails.swift */ = {isa = PBXFileReference; lastKnownFileType = sourcecode.swift; path = ParseMovieDetails.swift; sourceTree = "<group>"; };
/* End PBXFileReference section */

/* Begin PBXFrameworksBuildPhase section */
		77FF4ABB213E94B000480E7B /* Frameworks */ = {
			isa = PBXFrameworksBuildPhase;
			buildActionMask = 2147483647;
			files = (
			);
			runOnlyForDeploymentPostprocessing = 0;
		};
/* End PBXFrameworksBuildPhase section */

/* Begin PBXGroup section */
		77FF4AB5213E94B000480E7B = {
			isa = PBXGroup;
			children = (
				77FF4AC0213E94B000480E7B /* StarWarsApi */,
				77FF4ABF213E94B000480E7B /* Products */,
			);
			sourceTree = "<group>";
		};
		77FF4ABF213E94B000480E7B /* Products */ = {
			isa = PBXGroup;
			children = (
				77FF4ABE213E94B000480E7B /* StarWarsApi.app */,
			);
			name = Products;
			sourceTree = "<group>";
		};
		77FF4AC0213E94B000480E7B /* StarWarsApi */ = {
			isa = PBXGroup;
			children = (
				77FF4AC1213E94B000480E7B /* AppDelegate.swift */,
				77FF4AD3213E960200480E7B /* SplashScreenViewController.swift */,
				77FF4AE5213FFC0600480E7B /* ParseMovieDetails.swift */,
				77FF4AE1213FECEB00480E7B /* ListOfMoviesTableViewController.swift */,
				77FF4AD5213E965500480E7B /* MovieDetailsViewController.swift */,
				77FF4AC5213E94B000480E7B /* Main.storyboard */,
				772015E6214161C90030C50B /* MovieTableViewCell.swift */,
				772015E7214161C90030C50B /* MovieTableViewCell.xib */,
				77FF4AC8213E94B300480E7B /* Assets.xcassets */,
				77FF4ACA213E94B300480E7B /* LaunchScreen.storyboard */,
				77FF4ACD213E94B300480E7B /* Info.plist */,
			);
			path = StarWarsApi;
			sourceTree = "<group>";
		};
/* End PBXGroup section */

/* Begin PBXNativeTarget section */
		77FF4ABD213E94B000480E7B /* StarWarsApi */ = {
			isa = PBXNativeTarget;
			buildConfigurationList = 77FF4AD0213E94B300480E7B /* Build configuration list for PBXNativeTarget "StarWarsApi" */;
			buildPhases = (
				77FF4ABA213E94B000480E7B /* Sources */,
				77FF4ABB213E94B000480E7B /* Frameworks */,
				77FF4ABC213E94B000480E7B /* Resources */,
			);
			buildRules = (
			);
			dependencies = (
			);
			name = StarWarsApi;
			productName = StarWarsApi;
			productReference = 77FF4ABE213E94B000480E7B /* StarWarsApi.app */;
			productType = "com.apple.product-type.application";
		};
/* End PBXNativeTarget section */

/* Begin PBXProject section */
		77FF4AB6213E94B000480E7B /* Project object */ = {
			isa = PBXProject;
			attributes = {
				LastSwiftUpdateCheck = 0930;
				LastUpgradeCheck = 0930;
				ORGANIZATIONNAME = antonsolo;
				TargetAttributes = {
					77FF4ABD213E94B000480E7B = {
						CreatedOnToolsVersion = 9.3;
					};
				};
			};
			buildConfigurationList = 77FF4AB9213E94B000480E7B /* Build configuration list for PBXProject "StarWarsApi" */;
			compatibilityVersion = "Xcode 9.3";
			developmentRegion = en;
			hasScannedForEncodings = 0;
			knownRegions = (
				en,
				Base,
			);
			mainGroup = 77FF4AB5213E94B000480E7B;
			productRefGroup = 77FF4ABF213E94B000480E7B /* Products */;
			projectDirPath = "";
			projectRoot = "";
			targets = (
				77FF4ABD213E94B000480E7B /* StarWarsApi */,
			);
		};
/* End PBXProject section */

/* Begin PBXResourcesBuildPhase section */
		77FF4ABC213E94B000480E7B /* Resources */ = {
			isa = PBXResourcesBuildPhase;
			buildActionMask = 2147483647;
			files = (
				77FF4ACC213E94B300480E7B /* LaunchScreen.storyboard in Resources */,
				772015E9214161C90030C50B /* MovieTableViewCell.xib in Resources */,
				77FF4AC9213E94B300480E7B /* Assets.xcassets in Resources */,
				77FF4AC7213E94B000480E7B /* Main.storyboard in Resources */,
			);
			runOnlyForDeploymentPostprocessing = 0;
		};
/* End PBXResourcesBuildPhase section */

/* Begin PBXSourcesBuildPhase section */
		77FF4ABA213E94B000480E7B /* Sources */ = {
			isa = PBXSourcesBuildPhase;
			buildActionMask = 2147483647;
			files = (
				77FF4AE2213FECEB00480E7B /* ListOfMoviesTableViewController.swift in Sources */,
				772015E8214161C90030C50B /* MovieTableViewCell.swift in Sources */,
				77FF4AE6213FFC0600480E7B /* ParseMovieDetails.swift in Sources */,
				77FF4AD6213E965500480E7B /* MovieDetailsViewController.swift in Sources */,
				77FF4AD4213E960200480E7B /* SplashScreenViewController.swift in Sources */,
				77FF4AC2213E94B000480E7B /* AppDelegate.swift in Sources */,
			);
			runOnlyForDeploymentPostprocessing = 0;
		};
/* End PBXSourcesBuildPhase section */

/* Begin PBXVariantGroup section */
		77FF4AC5213E94B000480E7B /* Main.storyboard */ = {
			isa = PBXVariantGroup;
			children = (
				77FF4AC6213E94B000480E7B /* Base */,
			);
			name = Main.storyboard;
			sourceTree = "<group>";
		};
		77FF4ACA213E94B300480E7B /* LaunchScreen.storyboard */ = {
			isa = PBXVariantGroup;
			children = (
				77FF4ACB213E94B300480E7B /* Base */,
			);
			name = LaunchScreen.storyboard;
			sourceTree = "<group>";
		};
/* End PBXVariantGroup section */

/* Begin XCBuildConfiguration section */
		77FF4ACE213E94B300480E7B /* Debug */ = {
			isa = XCBuildConfiguration;
			buildSettings = {
				ALWAYS_SEARCH_USER_PATHS = NO;
				CLANG_ANALYZER_NONNULL = YES;
				CLANG_ANALYZER_NUMBER_OBJECT_CONVERSION = YES_AGGRESSIVE;
				CLANG_CXX_LANGUAGE_STANDARD = "gnu++14";
				CLANG_CXX_LIBRARY = "libc++";
				CLANG_ENABLE_MODULES = YES;
				CLANG_ENABLE_OBJC_ARC = YES;
				CLANG_ENABLE_OBJC_WEAK = YES;
				CLANG_WARN_BLOCK_CAPTURE_AUTORELEASING = YES;
				CLANG_WARN_BOOL_CONVERSION = YES;
				CLANG_WARN_COMMA = YES;
				CLANG_WARN_CONSTANT_CONVERSION = YES;
				CLANG_WARN_DEPRECATED_OBJC_IMPLEMENTATIONS = YES;
				CLANG_WARN_DIRECT_OBJC_ISA_USAGE = YES_ERROR;
				CLANG_WARN_DOCUMENTATION_COMMENTS = YES;
				CLANG_WARN_EMPTY_BODY = YES;
				CLANG_WARN_ENUM_CONVERSION = YES;
				CLANG_WARN_INFINITE_RECURSION = YES;
				CLANG_WARN_INT_CONVERSION = YES;
				CLANG_WARN_NON_LITERAL_NULL_CONVERSION = YES;
				CLANG_WARN_OBJC_IMPLICIT_RETAIN_SELF = YES;
				CLANG_WARN_OBJC_LITERAL_CONVERSION = YES;
				CLANG_WARN_OBJC_ROOT_CLASS = YES_ERROR;
				CLANG_WARN_RANGE_LOOP_ANALYSIS = YES;
				CLANG_WARN_STRICT_PROTOTYPES = YES;
				CLANG_WARN_SUSPICIOUS_MOVE = YES;
				CLANG_WARN_UNGUARDED_AVAILABILITY = YES_AGGRESSIVE;
				CLANG_WARN_UNREACHABLE_CODE = YES;
				CLANG_WARN__DUPLICATE_METHOD_MATCH = YES;
				CODE_SIGN_IDENTITY = "iPhone Developer";
				COPY_PHASE_STRIP = NO;
				DEBUG_INFORMATION_FORMAT = dwarf;
				ENABLE_STRICT_OBJC_MSGSEND = YES;
				ENABLE_TESTABILITY = YES;
				GCC_C_LANGUAGE_STANDARD = gnu11;
				GCC_DYNAMIC_NO_PIC = NO;
				GCC_NO_COMMON_BLOCKS = YES;
				GCC_OPTIMIZATION_LEVEL = 0;
				GCC_PREPROCESSOR_DEFINITIONS = (
					"DEBUG=1",
					"$(inherited)",
				);
				GCC_WARN_64_TO_32_BIT_CONVERSION = YES;
				GCC_WARN_ABOUT_RETURN_TYPE = YES_ERROR;
				GCC_WARN_UNDECLARED_SELECTOR = YES;
				GCC_WARN_UNINITIALIZED_AUTOS = YES_AGGRESSIVE;
				GCC_WARN_UNUSED_FUNCTION = YES;
				GCC_WARN_UNUSED_VARIABLE = YES;
				IPHONEOS_DEPLOYMENT_TARGET = 11.3;
				MTL_ENABLE_DEBUG_INFO = YES;
				ONLY_ACTIVE_ARCH = YES;
				SDKROOT = iphoneos;
				SWIFT_ACTIVE_COMPILATION_CONDITIONS = DEBUG;
				SWIFT_OPTIMIZATION_LEVEL = "-Onone";
			};
			name = Debug;
		};
		77FF4ACF213E94B300480E7B /* Release */ = {
			isa = XCBuildConfiguration;
			buildSettings = {
				ALWAYS_SEARCH_USER_PATHS = NO;
				CLANG_ANALYZER_NONNULL = YES;
				CLANG_ANALYZER_NUMBER_OBJECT_CONVERSION = YES_AGGRESSIVE;
				CLANG_CXX_LANGUAGE_STANDARD = "gnu++14";
				CLANG_CXX_LIBRARY = "libc++";
				CLANG_ENABLE_MODULES = YES;
				CLANG_ENABLE_OBJC_ARC = YES;
				CLANG_ENABLE_OBJC_WEAK = YES;
				CLANG_WARN_BLOCK_CAPTURE_AUTORELEASING = YES;
				CLANG_WARN_BOOL_CONVERSION = YES;
				CLANG_WARN_COMMA = YES;
				CLANG_WARN_CONSTANT_CONVERSION = YES;
				CLANG_WARN_DEPRECATED_OBJC_IMPLEMENTATIONS = YES;
				CLANG_WARN_DIRECT_OBJC_ISA_USAGE = YES_ERROR;
				CLANG_WARN_DOCUMENTATION_COMMENTS = YES;
				CLANG_WARN_EMPTY_BODY = YES;
				CLANG_WARN_ENUM_CONVERSION = YES;
				CLANG_WARN_INFINITE_RECURSION = YES;
				CLANG_WARN_INT_CONVERSION = YES;
				CLANG_WARN_NON_LITERAL_NULL_CONVERSION = YES;
				CLANG_WARN_OBJC_IMPLICIT_RETAIN_SELF = YES;
				CLANG_WARN_OBJC_LITERAL_CONVERSION = YES;
				CLANG_WARN_OBJC_ROOT_CLASS = YES_ERROR;
				CLANG_WARN_RANGE_LOOP_ANALYSIS = YES;
				CLANG_WARN_STRICT_PROTOTYPES = YES;
				CLANG_WARN_SUSPICIOUS_MOVE = YES;
				CLANG_WARN_UNGUARDED_AVAILABILITY = YES_AGGRESSIVE;
				CLANG_WARN_UNREACHABLE_CODE = YES;
				CLANG_WARN__DUPLICATE_METHOD_MATCH = YES;
				CODE_SIGN_IDENTITY = "iPhone Developer";
				COPY_PHASE_STRIP = NO;
				DEBUG_INFORMATION_FORMAT = "dwarf-with-dsym";
				ENABLE_NS_ASSERTIONS = NO;
				ENABLE_STRICT_OBJC_MSGSEND = YES;
				GCC_C_LANGUAGE_STANDARD = gnu11;
				GCC_NO_COMMON_BLOCKS = YES;
				GCC_WARN_64_TO_32_BIT_CONVERSION = YES;
				GCC_WARN_ABOUT_RETURN_TYPE = YES_ERROR;
				GCC_WARN_UNDECLARED_SELECTOR = YES;
				GCC_WARN_UNINITIALIZED_AUTOS = YES_AGGRESSIVE;
				GCC_WARN_UNUSED_FUNCTION = YES;
				GCC_WARN_UNUSED_VARIABLE = YES;
				IPHONEOS_DEPLOYMENT_TARGET = 11.3;
				MTL_ENABLE_DEBUG_INFO = NO;
				SDKROOT = iphoneos;
				SWIFT_COMPILATION_MODE = wholemodule;
				SWIFT_OPTIMIZATION_LEVEL = "-O";
				VALIDATE_PRODUCT = YES;
			};
			name = Release;
		};
		77FF4AD1213E94B300480E7B /* Debug */ = {
			isa = XCBuildConfiguration;
			buildSettings = {
				ASSETCATALOG_COMPILER_APPICON_NAME = AppIcon;
				CODE_SIGN_STYLE = Automatic;
				DEVELOPMENT_TEAM = XGL6HPWPPW;
				INFOPLIST_FILE = StarWarsApi/Info.plist;
				LD_RUNPATH_SEARCH_PATHS = (
					"$(inherited)",
					"@executable_path/Frameworks",
				);
				PRODUCT_BUNDLE_IDENTIFIER = "a-solo.StarWarsApi";
				PRODUCT_NAME = "$(TARGET_NAME)";
				SWIFT_VERSION = 4.0;
				TARGETED_DEVICE_FAMILY = "1,2";
			};
			name = Debug;
		};
		77FF4AD2213E94B300480E7B /* Release */ = {
			isa = XCBuildConfiguration;
			buildSettings = {
				ASSETCATALOG_COMPILER_APPICON_NAME = AppIcon;
				CODE_SIGN_STYLE = Automatic;
				DEVELOPMENT_TEAM = XGL6HPWPPW;
				INFOPLIST_FILE = StarWarsApi/Info.plist;
				LD_RUNPATH_SEARCH_PATHS = (
					"$(inherited)",
					"@executable_path/Frameworks",
				);
				PRODUCT_BUNDLE_IDENTIFIER = "a-solo.StarWarsApi";
				PRODUCT_NAME = "$(TARGET_NAME)";
				SWIFT_VERSION = 4.0;
				TARGETED_DEVICE_FAMILY = "1,2";
			};
			name = Release;
		};
/* End XCBuildConfiguration section */

/* Begin XCConfigurationList section */
		77FF4AB9213E94B000480E7B /* Build configuration list for PBXProject "StarWarsApi" */ = {
			isa = XCConfigurationList;
			buildConfigurations = (
				77FF4ACE213E94B300480E7B /* Debug */,
				77FF4ACF213E94B300480E7B /* Release */,
			);
			defaultConfigurationIsVisible = 0;
			defaultConfigurationName = Release;
		};
		77FF4AD0213E94B300480E7B /* Build configuration list for PBXNativeTarget "StarWarsApi" */ = {
			isa = XCConfigurationList;
			buildConfigurations = (
				77FF4AD1213E94B300480E7B /* Debug */,
				77FF4AD2213E94B300480E7B /* Release */,
			);
			defaultConfigurationIsVisible = 0;
			defaultConfigurationName = Release;
		};
/* End XCConfigurationList section */
	};
	rootObject = 77FF4AB6213E94B000480E7B /* Project object */;
}
